<?xml version="1.0" encoding="utf-8"?>
<Project ToolsVersion="4.0" xmlns="http://schemas.microsoft.com/developer/msbuild/2003">
  <ItemGroup>
    <Filter Include="Utils">
      <UniqueIdentifier>{a57fa729-3707-4a3c-b085-c038363c5753}</UniqueIdentifier>
    </Filter>
    <Filter Include="Main">
      <UniqueIdentifier>{f67eb3a8-b136-4c70-9165-083e71987f21}</UniqueIdentifier>
    </Filter>
    <Filter Include="Features">
      <UniqueIdentifier>{1e892316-324f-4504-9645-a633e66ba571}</UniqueIdentifier>
    </Filter>
    <Filter Include="Features\Detect_hypervisor">
      <UniqueIdentifier>{1c962e8a-b075-4b2d-a1b5-544e289cc7ff}</UniqueIdentifier>
    </Filter>
    <Filter Include="Features\Anti_Debug">
      <UniqueIdentifier>{013814d3-771a-4dba-8c59-1200bf1227ac}</UniqueIdentifier>
    </Filter>
  </ItemGroup>
  <ItemGroup>
    <ClInclude Include="pch.h">
      <Filter>Utils</Filter>
    </ClInclude>
    <ClInclude Include="dllExportHeaders.h">
      <Filter>Main</Filter>
    </ClInclude>
    <ClInclude Include="AlterApi.h">
      <Filter>Features\Detect_hypervisor</Filter>
    </ClInclude>
    <ClInclude Include="Struct.h">
      <Filter>Features\Detect_hypervisor</Filter>
    </ClInclude>
  </ItemGroup>
  <ItemGroup>
    <ClCompile Include="pch.cpp">
      <Filter>Utils</Filter>
    </ClCompile>
    <ClCompile Include="dllmain.cpp">
      <Filter>Main</Filter>
    </ClCompile>
    <ClCompile Include="DetectHypervisor.cpp">
      <Filter>Features\Detect_hypervisor</Filter>
    </ClCompile>
    <ClCompile Include="AntiTamper.cpp">
      <Filter>Main</Filter>
    </ClCompile>
    <ClCompile Include="Communication.cpp">
      <Filter>Features</Filter>
    </ClCompile>
    <ClCompile Include="Detect_AntiVirus.cpp">
      <Filter>Features</Filter>
    </ClCompile>
    <ClCompile Include="DeleteMyself.cpp">
      <Filter>Features</Filter>
    </ClCompile>
    <ClCompile Include="BSOD.cpp">
      <Filter>Features</Filter>
    </ClCompile>
    <ClCompile Include="DetectBlackListedProcess.cpp">
      <Filter>Features</Filter>
    </ClCompile>
    <ClCompile Include="FetchUUID.cpp">
      <Filter>Features</Filter>
    </ClCompile>
    <ClCompile Include="Passive_Anti_Debug.cpp">
      <Filter>Features\Anti_Debug</Filter>
    </ClCompile>
    <ClCompile Include="Detect_Debugging.cpp">
      <Filter>Features\Anti_Debug</Filter>
    </ClCompile>
  </ItemGroup>
  <ItemGroup>
    <MASM Include="DetectHyp.asm">
      <Filter>Features\Detect_hypervisor</Filter>
    </MASM>
  </ItemGroup>
</Project>