<?xml version="1.0" encoding="utf-8"?>
<Project ToolsVersion="4.0" xmlns="http://schemas.microsoft.com/developer/msbuild/2003">
  <ItemGroup>
    <Filter Include="Network">
      <UniqueIdentifier>{44015ff7-f5fe-4ecb-9510-ba792e92d6c2}</UniqueIdentifier>
    </Filter>
    <Filter Include="Utils">
      <UniqueIdentifier>{1c94faf8-d38f-44b3-b3f3-39ba3c6951e1}</UniqueIdentifier>
    </Filter>
    <Filter Include="Main">
      <UniqueIdentifier>{c0b75513-7471-4500-a833-2626c5040f9c}</UniqueIdentifier>
    </Filter>
    <Filter Include="Thread">
      <UniqueIdentifier>{0a8a1a96-3bcc-4f5b-ac25-3388457fad31}</UniqueIdentifier>
    </Filter>
    <Filter Include="Memory">
      <UniqueIdentifier>{903143c9-12f7-436d-8004-490b4f0d31bf}</UniqueIdentifier>
    </Filter>
  </ItemGroup>
  <ItemGroup>
    <ClInclude Include="CorePch.h">
      <Filter>Main</Filter>
    </ClInclude>
    <ClInclude Include="pch.h">
      <Filter>Main</Filter>
    </ClInclude>
    <ClInclude Include="Types.h">
      <Filter>Main</Filter>
    </ClInclude>
    <ClInclude Include="CoreMacro.h">
      <Filter>Main</Filter>
    </ClInclude>
    <ClInclude Include="CoreGlobal.h">
      <Filter>Main</Filter>
    </ClInclude>
    <ClInclude Include="CoreTLS.h">
      <Filter>Main</Filter>
    </ClInclude>
    <ClInclude Include="ThreadManager.h">
      <Filter>Thread</Filter>
    </ClInclude>
    <ClInclude Include="Lock.h">
      <Filter>Thread</Filter>
    </ClInclude>
    <ClInclude Include="DeadLockProfiler.h">
      <Filter>Thread</Filter>
    </ClInclude>
    <ClInclude Include="RefCounting.h">
      <Filter>Memory</Filter>
    </ClInclude>
    <ClInclude Include="Allocator.h">
      <Filter>Memory</Filter>
    </ClInclude>
    <ClInclude Include="Memory.h">
      <Filter>Memory</Filter>
    </ClInclude>
    <ClInclude Include="Container.h">
      <Filter>Memory</Filter>
    </ClInclude>
    <ClInclude Include="MemoryPool.h">
      <Filter>Memory</Filter>
    </ClInclude>
    <ClInclude Include="ObjectPool.h">
      <Filter>Memory</Filter>
    </ClInclude>
    <ClInclude Include="TypeCast.h">
      <Filter>Memory</Filter>
    </ClInclude>
  </ItemGroup>
  <ItemGroup>
    <ClCompile Include="CorePch.cpp">
      <Filter>Main</Filter>
    </ClCompile>
    <ClCompile Include="pch.cpp">
      <Filter>Main</Filter>
    </ClCompile>
    <ClCompile Include="CoreGlobal.cpp">
      <Filter>Main</Filter>
    </ClCompile>
    <ClCompile Include="CoreTLS.cpp">
      <Filter>Main</Filter>
    </ClCompile>
    <ClCompile Include="ThreadManager.cpp">
      <Filter>Thread</Filter>
    </ClCompile>
    <ClCompile Include="Lock.cpp">
      <Filter>Thread</Filter>
    </ClCompile>
    <ClCompile Include="DeadLockProfiler.cpp">
      <Filter>Thread</Filter>
    </ClCompile>
    <ClCompile Include="RefCounting.cpp">
      <Filter>Memory</Filter>
    </ClCompile>
    <ClCompile Include="Allocator.cpp">
      <Filter>Memory</Filter>
    </ClCompile>
    <ClCompile Include="Memory.cpp">
      <Filter>Memory</Filter>
    </ClCompile>
    <ClCompile Include="MemoryPool.cpp">
      <Filter>Memory</Filter>
    </ClCompile>
  </ItemGroup>
</Project>